
Microsoft Visual Studio Solution File, Format Version 12.00
# Visual Studio 14
VisualStudioVersion = 14.0.23107.0
MinimumVisualStudioVersion = 10.0.40219.1
Project("{FAE04EC0-301F-11D3-BF4B-00C04F79EFBC}") = "StaffApp", "StaffApp\StaffApp.csproj", "{A0BDA918-9A0C-41D9-BC5E-0ABBC8483BE8}"
EndProject
Project("{FAE04EC0-301F-11D3-BF4B-00C04F79EFBC}") = "StaffLibrary", "StaffLibrary\StaffLibrary.csproj", "{A029A72D-FCA1-4A35-8288-CE2F382B8E0F}"
EndProject
Global
	GlobalSection(SolutionConfigurationPlatforms) = preSolution
		Debug|Any CPU = Debug|Any CPU
		Release|Any CPU = Release|Any CPU
	EndGlobalSection
	GlobalSection(ProjectConfigurationPlatforms) = postSolution
		{A0BDA918-9A0C-41D9-BC5E-0ABBC8483BE8}.Debug|Any CPU.ActiveCfg = Debug|Any CPU
		{A0BDA918-9A0C-41D9-BC5E-0ABBC8483BE8}.Debug|Any CPU.Build.0 = Debug|Any CPU
		{A0BDA918-9A0C-41D9-BC5E-0ABBC8483BE8}.Release|Any CPU.ActiveCfg = Release|Any CPU
		{A0BDA918-9A0C-41D9-BC5E-0ABBC8483BE8}.Release|Any CPU.Build.0 = Release|Any CPU
		{A029A72D-FCA1-4A35-8288-CE2F382B8E0F}.Debug|Any CPU.ActiveCfg = Debug|Any CPU
		{A029A72D-FCA1-4A35-8288-CE2F382B8E0F}.Debug|Any CPU.Build.0 = Debug|Any CPU
		{A029A72D-FCA1-4A35-8288-CE2F382B8E0F}.Release|Any CPU.ActiveCfg = Release|Any CPU
		{A029A72D-FCA1-4A35-8288-CE2F382B8E0F}.Release|Any CPU.Build.0 = Release|Any CPU
	EndGlobalSection
	GlobalSection(SolutionProperties) = preSolution
		HideSolutionNode = FALSE
	EndGlobalSection
EndGlobal
